
Microsoft Visual Studio Solution File, Format Version 12.00
# Visual Studio Version 17
VisualStudioVersion = 17.7.34202.233
MinimumVisualStudioVersion = 10.0.40219.1
Project("{FAE04EC0-301F-11D3-BF4B-00C04F79EFBC}") = "ConsoleApp27", "ConsoleApp27.csproj", "{61E4A5EA-D5C0-465E-B856-F37399237B45}"
EndProject
Global
	GlobalSection(SolutionConfigurationPlatforms) = preSolution
		Debug|Any CPU = Debug|Any CPU
		Release|Any CPU = Release|Any CPU
	EndGlobalSection
	GlobalSection(ProjectConfigurationPlatforms) = postSolution
		{61E4A5EA-D5C0-465E-B856-F37399237B45}.Debug|Any CPU.ActiveCfg = Debug|Any CPU
		{61E4A5EA-D5C0-465E-B856-F37399237B45}.Debug|Any CPU.Build.0 = Debug|Any CPU
		{61E4A5EA-D5C0-465E-B856-F37399237B45}.Release|Any CPU.ActiveCfg = Release|Any CPU
		{61E4A5EA-D5C0-465E-B856-F37399237B45}.Release|Any CPU.Build.0 = Release|Any CPU
	EndGlobalSection
	GlobalSection(SolutionProperties) = preSolution
		HideSolutionNode = FALSE
	EndGlobalSection
	GlobalSection(ExtensibilityGlobals) = postSolution
		SolutionGuid = {102579A7-71E7-40C8-8EEB-091563BAADD6}
	EndGlobalSection
EndGlobal
